{
  "lockfileVersion": 1,
  "workspaces": {
    "": {
      "name": "sas-scoreboard-api",
      "dependencies": {
        "@supabase/supabase-js": "^2.49.4",
        "bun": "^1.2.12",
      },
      "devDependencies": {
        "@types/bun": "latest",
      },
      "peerDependencies": {
        "typescript": "^5",
      },
    },
  },
  "packages": {
    "@oven/bun-darwin-aarch64": ["@oven/bun-darwin-aarch64@1.2.12", "", { "os": "darwin", "cpu": "arm64" }, "sha512-4xH3AwitT21tOeUdxwz5vLei0FYP2rh65OHMTxgrZzH6+DiLAryQpOAJv41yOH8cWKmOclQWD7B8rCbKFiPekg=="],

    "@oven/bun-darwin-x64": ["@oven/bun-darwin-x64@1.2.12", "", { "os": "darwin", "cpu": "x64" }, "sha512-L3s33xv/e4DnF23oD2mNhmb7CpHA/uTSX4h1WbkhamTv1gJkUV2N+irZ18QB5iKOCt1q2u5ED1zpoPE2dthLzA=="],

    "@oven/bun-darwin-x64-baseline": ["@oven/bun-darwin-x64-baseline@1.2.12", "", { "os": "darwin", "cpu": "x64" }, "sha512-n3uCYO2MIWrRvczAYvPvtqmxzAPvBatP9E9z8e//CqgyTUr0DabNI07p+5S3433hC38hIgLtY2DsKTkfuM5eCQ=="],

    "@oven/bun-linux-aarch64": ["@oven/bun-linux-aarch64@1.2.12", "", { "os": "linux", "cpu": "arm64" }, "sha512-uz6fBRrUkG7puT0snGeG476B9Cqrqc3pjFTAls0yMlFWSbCJpQfSO77jp3TklMOvEPreA0yG/8c3t9OKImAkxw=="],

    "@oven/bun-linux-aarch64-musl": ["@oven/bun-linux-aarch64-musl@1.2.12", "", { "os": "linux", "cpu": "none" }, "sha512-31ySDZXHgGxcMoxWSIupWhSug/Ddjwtfg8iTf9lEI2jymj1zaMPCt2jPLriw5/V5gDtuTWW1E29PlrLIiCxoCA=="],

    "@oven/bun-linux-x64": ["@oven/bun-linux-x64@1.2.12", "", { "os": "linux", "cpu": "x64" }, "sha512-gNjguT4fuekF1i0/OuDd+7FcjHkv2qE0xBTwZMmXOzFOADPRo5zLB4LIcwfKpiZT+jZlZNdVOao05ebdEadbIw=="],

    "@oven/bun-linux-x64-baseline": ["@oven/bun-linux-x64-baseline@1.2.12", "", { "os": "linux", "cpu": "x64" }, "sha512-JOX0GhMfoNADCxe2rlvXOsu05VmGis0vqghELN91vuWHAUt/8RQ1CvIJ47DlrQuKbxpYs1SjV4J+bwbte/RUAA=="],

    "@oven/bun-linux-x64-musl": ["@oven/bun-linux-x64-musl@1.2.12", "", { "os": "linux", "cpu": "x64" }, "sha512-8lSQ71mYx1WLzAvAHFaJwzWamdfcaWaqJemuIX0/5Njy36ieqo05gSc6k7c9gaZEb9aFK0bQ4S/f3enthO5HJQ=="],

    "@oven/bun-linux-x64-musl-baseline": ["@oven/bun-linux-x64-musl-baseline@1.2.12", "", { "os": "linux", "cpu": "x64" }, "sha512-6Gb8szm3mOLcHNUmuBbvDAqb7weqpsMJa/3cAkdWYa+svx5X1j3r7fXpzc0oSVKKqnlg9lIf69lza4iuJjVQfg=="],

    "@oven/bun-windows-x64": ["@oven/bun-windows-x64@1.2.12", "", { "os": "win32", "cpu": "x64" }, "sha512-tyfHFOxBoBgIJmx9rAcSykmLKcLJOTg5eAbyz0jbZHm85ClLLNynBi+rp1pmEMm8wPxmMzdjNhc6XFSUoA4/pg=="],

    "@oven/bun-windows-x64-baseline": ["@oven/bun-windows-x64-baseline@1.2.12", "", { "os": "win32", "cpu": "x64" }, "sha512-8wwIRhQPibE9nGhZdy8MW8ueCCs/VLtJjDtV3bIZNl82SfXbVyObxQkYm6BjItKid2OTb5eLMcKc0kbd3fAPLw=="],

    "@supabase/auth-js": ["@supabase/auth-js@2.69.1", "", { "dependencies": { "@supabase/node-fetch": "^2.6.14" } }, "sha512-FILtt5WjCNzmReeRLq5wRs3iShwmnWgBvxHfqapC/VoljJl+W8hDAyFmf1NVw3zH+ZjZ05AKxiKxVeb0HNWRMQ=="],

    "@supabase/functions-js": ["@supabase/functions-js@2.4.4", "", { "dependencies": { "@supabase/node-fetch": "^2.6.14" } }, "sha512-WL2p6r4AXNGwop7iwvul2BvOtuJ1YQy8EbOd0dhG1oN1q8el/BIRSFCFnWAMM/vJJlHWLi4ad22sKbKr9mvjoA=="],

    "@supabase/node-fetch": ["@supabase/node-fetch@2.6.15", "", { "dependencies": { "whatwg-url": "^5.0.0" } }, "sha512-1ibVeYUacxWYi9i0cf5efil6adJ9WRyZBLivgjs+AUpewx1F3xPi7gLgaASI2SmIQxPoCEjAsLAzKPgMJVgOUQ=="],

    "@supabase/postgrest-js": ["@supabase/postgrest-js@1.19.4", "", { "dependencies": { "@supabase/node-fetch": "^2.6.14" } }, "sha512-O4soKqKtZIW3olqmbXXbKugUtByD2jPa8kL2m2c1oozAO11uCcGrRhkZL0kVxjBLrXHE0mdSkFsMj7jDSfyNpw=="],

    "@supabase/realtime-js": ["@supabase/realtime-js@2.11.2", "", { "dependencies": { "@supabase/node-fetch": "^2.6.14", "@types/phoenix": "^1.5.4", "@types/ws": "^8.5.10", "ws": "^8.18.0" } }, "sha512-u/XeuL2Y0QEhXSoIPZZwR6wMXgB+RQbJzG9VErA3VghVt7uRfSVsjeqd7m5GhX3JR6dM/WRmLbVR8URpDWG4+w=="],

    "@supabase/storage-js": ["@supabase/storage-js@2.7.1", "", { "dependencies": { "@supabase/node-fetch": "^2.6.14" } }, "sha512-asYHcyDR1fKqrMpytAS1zjyEfvxuOIp1CIXX7ji4lHHcJKqyk+sLl/Vxgm4sN6u8zvuUtae9e4kDxQP2qrwWBA=="],

    "@supabase/supabase-js": ["@supabase/supabase-js@2.49.4", "", { "dependencies": { "@supabase/auth-js": "2.69.1", "@supabase/functions-js": "2.4.4", "@supabase/node-fetch": "2.6.15", "@supabase/postgrest-js": "1.19.4", "@supabase/realtime-js": "2.11.2", "@supabase/storage-js": "2.7.1" } }, "sha512-jUF0uRUmS8BKt37t01qaZ88H9yV1mbGYnqLeuFWLcdV+x1P4fl0yP9DGtaEhFPZcwSom7u16GkLEH9QJZOqOkw=="],

    "@types/bun": ["@types/bun@1.2.12", "", { "dependencies": { "bun-types": "1.2.12" } }, "sha512-lY/GQTXDGsolT/TiH72p1tuyUORuRrdV7VwOTOjDOt8uTBJQOJc5zz3ufwwDl0VBaoxotSk4LdP0hhjLJ6ypIQ=="],

    "@types/node": ["@types/node@22.15.16", "", { "dependencies": { "undici-types": "~6.21.0" } }, "sha512-3pr+KjwpVujqWqOKT8mNR+rd09FqhBLwg+5L/4t0cNYBzm/yEiYGCxWttjaPBsLtAo+WFNoXzGJfolM1JuRXoA=="],

    "@types/phoenix": ["@types/phoenix@1.6.6", "", {}, "sha512-PIzZZlEppgrpoT2QgbnDU+MMzuR6BbCjllj0bM70lWoejMeNJAxCchxnv7J3XFkI8MpygtRpzXrIlmWUBclP5A=="],

    "@types/ws": ["@types/ws@8.18.1", "", { "dependencies": { "@types/node": "*" } }, "sha512-ThVF6DCVhA8kUGy+aazFQ4kXQ7E1Ty7A3ypFOe0IcJV8O/M511G99AW24irKrW56Wt44yG9+ij8FaqoBGkuBXg=="],

    "bun": ["bun@1.2.12", "", { "optionalDependencies": { "@oven/bun-darwin-aarch64": "1.2.12", "@oven/bun-darwin-x64": "1.2.12", "@oven/bun-darwin-x64-baseline": "1.2.12", "@oven/bun-linux-aarch64": "1.2.12", "@oven/bun-linux-aarch64-musl": "1.2.12", "@oven/bun-linux-x64": "1.2.12", "@oven/bun-linux-x64-baseline": "1.2.12", "@oven/bun-linux-x64-musl": "1.2.12", "@oven/bun-linux-x64-musl-baseline": "1.2.12", "@oven/bun-windows-x64": "1.2.12", "@oven/bun-windows-x64-baseline": "1.2.12" }, "os": [ "linux", "win32", "darwin", ], "cpu": [ "x64", "arm64", ], "bin": { "bun": "bin/bun.exe", "bunx": "bin/bun.exe" } }, "sha512-66kW1iPrYLEC3MEsmYJhcPdNwMrT6V+l0cwcI9wl1jt4a8lhBhomgM16jYnSDzBros2C/8oJ/aZY8Y9HUvLLTA=="],

    "bun-types": ["bun-types@1.2.12", "", { "dependencies": { "@types/node": "*" } }, "sha512-tvWMx5vPqbRXgE8WUZI94iS1xAYs8bkqESR9cxBB1Wi+urvfTrF1uzuDgBHFAdO0+d2lmsbG3HmeKMvUyj6pWA=="],

    "tr46": ["tr46@0.0.3", "", {}, "sha512-N3WMsuqV66lT30CrXNbEjx4GEwlow3v6rr4mCcv6prnfwhS01rkgyFdjPNBYd9br7LpXV1+Emh01fHnq2Gdgrw=="],

    "typescript": ["typescript@5.8.3", "", { "bin": { "tsc": "bin/tsc", "tsserver": "bin/tsserver" } }, "sha512-p1diW6TqL9L07nNxvRMM7hMMw4c5XOo/1ibL4aAIGmSAt9slTE1Xgw5KWuof2uTOvCg9BY7ZRi+GaF+7sfgPeQ=="],

    "undici-types": ["undici-types@6.21.0", "", {}, "sha512-iwDZqg0QAGrg9Rav5H4n0M64c3mkR59cJ6wQp+7C4nI0gsmExaedaYLNO44eT4AtBBwjbTiGPMlt2Md0T9H9JQ=="],

    "webidl-conversions": ["webidl-conversions@3.0.1", "", {}, "sha512-2JAn3z8AR6rjK8Sm8orRC0h/bcl/DqL7tRPdGZ4I1CjdF+EaMLmYxBHyXuKL849eucPFhvBoxMsflfOb8kxaeQ=="],

    "whatwg-url": ["whatwg-url@5.0.0", "", { "dependencies": { "tr46": "~0.0.3", "webidl-conversions": "^3.0.0" } }, "sha512-saE57nupxk6v3HY35+jzBwYa0rKSy0XR8JSxZPwgLr7ys0IBzhGviA1/TUGJLmSVqs8pb9AnvICXEuOHLprYTw=="],

    "ws": ["ws@8.18.2", "", { "peerDependencies": { "bufferutil": "^4.0.1", "utf-8-validate": ">=5.0.2" }, "optionalPeers": ["bufferutil", "utf-8-validate"] }, "sha512-DMricUmwGZUVr++AEAe2uiVM7UoO9MAVZMDu05UQOaUII0lp+zOzLLU4Xqh/JvTqklB1T4uELaaPBKyjE1r4fQ=="],
  }
}
